// !$*UTF8*$!
{
	archiveVersion = 1;
	classes = {
	};
	objectVersion = 56;
	objects = {

/* Begin PBXBuildFile section */
		621860DE2B04937D00A75DE0 /* MVVMApp.swift in Sources */ = {isa = PBXBuildFile; fileRef = 621860DD2B04937D00A75DE0 /* MVVMApp.swift */; };
		621860E02B04937D00A75DE0 /* RootView.swift in Sources */ = {isa = PBXBuildFile; fileRef = 621860DF2B04937D00A75DE0 /* RootView.swift */; };
		621860E22B04937D00A75DE0 /* Assets.xcassets in Resources */ = {isa = PBXBuildFile; fileRef = 621860E12B04937D00A75DE0 /* Assets.xcassets */; };
		621860E52B04937D00A75DE0 /* Preview Assets.xcassets in Resources */ = {isa = PBXBuildFile; fileRef = 621860E42B04937D00A75DE0 /* Preview Assets.xcassets */; };
		621860EE2B04945700A75DE0 /* NewReleasesView.swift in Sources */ = {isa = PBXBuildFile; fileRef = 621860ED2B04945700A75DE0 /* NewReleasesView.swift */; };
		621860F32B04954800A75DE0 /* NewReleaseModel.swift in Sources */ = {isa = PBXBuildFile; fileRef = 621860F22B04954800A75DE0 /* NewReleaseModel.swift */; };
		621860F72B0495C100A75DE0 /* NewReleaseView.swift in Sources */ = {isa = PBXBuildFile; fileRef = 621860F62B0495C100A75DE0 /* NewReleaseView.swift */; };
		621860FA2B04962B00A75DE0 /* NewReleasesViewModel.swift in Sources */ = {isa = PBXBuildFile; fileRef = 621860F92B04962B00A75DE0 /* NewReleasesViewModel.swift */; };
		621860FE2B04996300A75DE0 /* CombineMoya in Frameworks */ = {isa = PBXBuildFile; productRef = 621860FD2B04996300A75DE0 /* CombineMoya */; };
		621861002B04996300A75DE0 /* Moya in Frameworks */ = {isa = PBXBuildFile; productRef = 621860FF2B04996300A75DE0 /* Moya */; };
		621861022B04996300A75DE0 /* ReactiveMoya in Frameworks */ = {isa = PBXBuildFile; productRef = 621861012B04996300A75DE0 /* ReactiveMoya */; };
		621861042B04996300A75DE0 /* RxMoya in Frameworks */ = {isa = PBXBuildFile; productRef = 621861032B04996300A75DE0 /* RxMoya */; };
		621861062B04998F00A75DE0 /* APIs.swift in Sources */ = {isa = PBXBuildFile; fileRef = 621861052B04998F00A75DE0 /* APIs.swift */; };
		6218610A2B049B4300A75DE0 /* TokenDataModel.swift in Sources */ = {isa = PBXBuildFile; fileRef = 621861092B049B4300A75DE0 /* TokenDataModel.swift */; };
		6218610F2B04A10900A75DE0 /* APIClient.swift in Sources */ = {isa = PBXBuildFile; fileRef = 6218610E2B04A10900A75DE0 /* APIClient.swift */; };
		621861112B04AA0D00A75DE0 /* APILoggingPlugin.swift in Sources */ = {isa = PBXBuildFile; fileRef = 621861102B04AA0D00A75DE0 /* APILoggingPlugin.swift */; };
		621861152B04AE9D00A75DE0 /* AppDelegate.swift in Sources */ = {isa = PBXBuildFile; fileRef = 621861142B04AE9D00A75DE0 /* AppDelegate.swift */; };
		629D15B92B05A2B700138089 /* LocalStorage.swift in Sources */ = {isa = PBXBuildFile; fileRef = 629D15B82B05A2B700138089 /* LocalStorage.swift */; };
		629D15BB2B05A64800138089 /* AlbumDataModel.swift in Sources */ = {isa = PBXBuildFile; fileRef = 629D15BA2B05A64800138089 /* AlbumDataModel.swift */; };
		629D15BF2B05B03500138089 /* Navigation.swift in Sources */ = {isa = PBXBuildFile; fileRef = 629D15BE2B05B03500138089 /* Navigation.swift */; };
		629D15C22B05B33700138089 /* AlbumDetailModel.swift in Sources */ = {isa = PBXBuildFile; fileRef = 629D15C12B05B33700138089 /* AlbumDetailModel.swift */; };
		629D15C72B05B3B900138089 /* AlbumDetailView.swift in Sources */ = {isa = PBXBuildFile; fileRef = 629D15C62B05B3B900138089 /* AlbumDetailView.swift */; };
		629D15CA2B05B3F600138089 /* AlbumDetailViewModel.swift in Sources */ = {isa = PBXBuildFile; fileRef = 629D15C92B05B3F600138089 /* AlbumDetailViewModel.swift */; };
		629D15CC2B05D3AF00138089 /* AlbumTrackItemView.swift in Sources */ = {isa = PBXBuildFile; fileRef = 629D15CB2B05D3AF00138089 /* AlbumTrackItemView.swift */; };
		62ADA7852B0B1B2C00440407 /* libExtensions.a in Frameworks */ = {isa = PBXBuildFile; fileRef = 62ADA7842B0B1B2C00440407 /* libExtensions.a */; };
		62ADA79E2B0B1CD200440407 /* libViewModifiers.a in Frameworks */ = {isa = PBXBuildFile; fileRef = 62ADA79D2B0B1CD200440407 /* libViewModifiers.a */; };
/* End PBXBuildFile section */

/* Begin PBXFileReference section */
		621860DA2B04937D00A75DE0 /* SwiftUI-MVVM.app */ = {isa = PBXFileReference; explicitFileType = wrapper.application; includeInIndex = 0; path = "SwiftUI-MVVM.app"; sourceTree = BUILT_PRODUCTS_DIR; };
		621860DD2B04937D00A75DE0 /* MVVMApp.swift */ = {isa = PBXFileReference; lastKnownFileType = sourcecode.swift; path = MVVMApp.swift; sourceTree = "<group>"; };
		621860DF2B04937D00A75DE0 /* RootView.swift */ = {isa = PBXFileReference; lastKnownFileType = sourcecode.swift; path = RootView.swift; sourceTree = "<group>"; };
		621860E12B04937D00A75DE0 /* Assets.xcassets */ = {isa = PBXFileReference; lastKnownFileType = folder.assetcatalog; path = Assets.xcassets; sourceTree = "<group>"; };
		621860E42B04937D00A75DE0 /* Preview Assets.xcassets */ = {isa = PBXFileReference; lastKnownFileType = folder.assetcatalog; path = "Preview Assets.xcassets"; sourceTree = "<group>"; };
		621860ED2B04945700A75DE0 /* NewReleasesView.swift */ = {isa = PBXFileReference; lastKnownFileType = sourcecode.swift; path = NewReleasesView.swift; sourceTree = "<group>"; };
		621860F22B04954800A75DE0 /* NewReleaseModel.swift */ = {isa = PBXFileReference; lastKnownFileType = sourcecode.swift; path = NewReleaseModel.swift; sourceTree = "<group>"; };
		621860F62B0495C100A75DE0 /* NewReleaseView.swift */ = {isa = PBXFileReference; lastKnownFileType = sourcecode.swift; path = NewReleaseView.swift; sourceTree = "<group>"; };
		621860F92B04962B00A75DE0 /* NewReleasesViewModel.swift */ = {isa = PBXFileReference; lastKnownFileType = sourcecode.swift; path = NewReleasesViewModel.swift; sourceTree = "<group>"; };
		621861052B04998F00A75DE0 /* APIs.swift */ = {isa = PBXFileReference; lastKnownFileType = sourcecode.swift; path = APIs.swift; sourceTree = "<group>"; };
		621861092B049B4300A75DE0 /* TokenDataModel.swift */ = {isa = PBXFileReference; lastKnownFileType = sourcecode.swift; path = TokenDataModel.swift; sourceTree = "<group>"; };
		6218610E2B04A10900A75DE0 /* APIClient.swift */ = {isa = PBXFileReference; lastKnownFileType = sourcecode.swift; path = APIClient.swift; sourceTree = "<group>"; };
		621861102B04AA0D00A75DE0 /* APILoggingPlugin.swift */ = {isa = PBXFileReference; lastKnownFileType = sourcecode.swift; path = APILoggingPlugin.swift; sourceTree = "<group>"; };
		621861142B04AE9D00A75DE0 /* AppDelegate.swift */ = {isa = PBXFileReference; lastKnownFileType = sourcecode.swift; path = AppDelegate.swift; sourceTree = "<group>"; };
		629D15B82B05A2B700138089 /* LocalStorage.swift */ = {isa = PBXFileReference; lastKnownFileType = sourcecode.swift; path = LocalStorage.swift; sourceTree = "<group>"; };
		629D15BA2B05A64800138089 /* AlbumDataModel.swift */ = {isa = PBXFileReference; lastKnownFileType = sourcecode.swift; path = AlbumDataModel.swift; sourceTree = "<group>"; };
		629D15BE2B05B03500138089 /* Navigation.swift */ = {isa = PBXFileReference; lastKnownFileType = sourcecode.swift; path = Navigation.swift; sourceTree = "<group>"; };
		629D15C12B05B33700138089 /* AlbumDetailModel.swift */ = {isa = PBXFileReference; lastKnownFileType = sourcecode.swift; path = AlbumDetailModel.swift; sourceTree = "<group>"; };
		629D15C62B05B3B900138089 /* AlbumDetailView.swift */ = {isa = PBXFileReference; lastKnownFileType = sourcecode.swift; path = AlbumDetailView.swift; sourceTree = "<group>"; };
		629D15C92B05B3F600138089 /* AlbumDetailViewModel.swift */ = {isa = PBXFileReference; lastKnownFileType = sourcecode.swift; path = AlbumDetailViewModel.swift; sourceTree = "<group>"; };
		629D15CB2B05D3AF00138089 /* AlbumTrackItemView.swift */ = {isa = PBXFileReference; lastKnownFileType = sourcecode.swift; path = AlbumTrackItemView.swift; sourceTree = "<group>"; };
		62ADA7842B0B1B2C00440407 /* libExtensions.a */ = {isa = PBXFileReference; explicitFileType = archive.ar; path = libExtensions.a; sourceTree = BUILT_PRODUCTS_DIR; };
		62ADA79D2B0B1CD200440407 /* libViewModifiers.a */ = {isa = PBXFileReference; explicitFileType = archive.ar; path = libViewModifiers.a; sourceTree = BUILT_PRODUCTS_DIR; };
/* End PBXFileReference section */

/* Begin PBXFrameworksBuildPhase section */
		621860D72B04937D00A75DE0 /* Frameworks */ = {
			isa = PBXFrameworksBuildPhase;
			buildActionMask = 2147483647;
			files = (
				62ADA7852B0B1B2C00440407 /* libExtensions.a in Frameworks */,
				621861002B04996300A75DE0 /* Moya in Frameworks */,
				621860FE2B04996300A75DE0 /* CombineMoya in Frameworks */,
				62ADA79E2B0B1CD200440407 /* libViewModifiers.a in Frameworks */,
				621861042B04996300A75DE0 /* RxMoya in Frameworks */,
				621861022B04996300A75DE0 /* ReactiveMoya in Frameworks */,
			);
			runOnlyForDeploymentPostprocessing = 0;
		};
/* End PBXFrameworksBuildPhase section */

/* Begin PBXGroup section */
		621860D12B04937D00A75DE0 = {
			isa = PBXGroup;
			children = (
				621860DC2B04937D00A75DE0 /* SwiftUI-MVVM */,
				621860DB2B04937D00A75DE0 /* Products */,
				62ADA7832B0B1B2C00440407 /* Frameworks */,
			);
			sourceTree = "<group>";
		};
		621860DB2B04937D00A75DE0 /* Products */ = {
			isa = PBXGroup;
			children = (
				621860DA2B04937D00A75DE0 /* SwiftUI-MVVM.app */,
			);
			name = Products;
			sourceTree = "<group>";
		};
		621860DC2B04937D00A75DE0 /* SwiftUI-MVVM */ = {
			isa = PBXGroup;
			children = (
				629D15B62B05A2A200138089 /* Data */,
				629D15BC2B05AFE400138089 /* UI */,
				621861142B04AE9D00A75DE0 /* AppDelegate.swift */,
				621860DD2B04937D00A75DE0 /* MVVMApp.swift */,
				621860E12B04937D00A75DE0 /* Assets.xcassets */,
				621860E32B04937D00A75DE0 /* Preview Content */,
			);
			path = "SwiftUI-MVVM";
			sourceTree = "<group>";
		};
		621860E32B04937D00A75DE0 /* Preview Content */ = {
			isa = PBXGroup;
			children = (
				621860E42B04937D00A75DE0 /* Preview Assets.xcassets */,
			);
			path = "Preview Content";
			sourceTree = "<group>";
		};
		621860EB2B0493F100A75DE0 /* Views */ = {
			isa = PBXGroup;
			children = (
				621860EC2B04944700A75DE0 /* NewReleases */,
				629D15C32B05B3A400138089 /* AlbumDetail */,
			);
			path = Views;
			sourceTree = "<group>";
		};
		621860EC2B04944700A75DE0 /* NewReleases */ = {
			isa = PBXGroup;
			children = (
				621860ED2B04945700A75DE0 /* NewReleasesView.swift */,
				621860F62B0495C100A75DE0 /* NewReleaseView.swift */,
			);
			path = NewReleases;
			sourceTree = "<group>";
		};
		621860EF2B04952200A75DE0 /* Models */ = {
			isa = PBXGroup;
			children = (
				621860F12B04952E00A75DE0 /* NewReleases */,
				629D15C02B05B32E00138089 /* AlbumDetail */,
			);
			path = Models;
			sourceTree = "<group>";
		};
		621860F02B04952600A75DE0 /* ViewModels */ = {
			isa = PBXGroup;
			children = (
				621860F82B04961F00A75DE0 /* NewReleases */,
				629D15C82B05B3ED00138089 /* AlbumDetail */,
			);
			path = ViewModels;
			sourceTree = "<group>";
		};
		621860F12B04952E00A75DE0 /* NewReleases */ = {
			isa = PBXGroup;
			children = (
				621860F22B04954800A75DE0 /* NewReleaseModel.swift */,
			);
			path = NewReleases;
			sourceTree = "<group>";
		};
		621860F82B04961F00A75DE0 /* NewReleases */ = {
			isa = PBXGroup;
			children = (
				621860F92B04962B00A75DE0 /* NewReleasesViewModel.swift */,
			);
			path = NewReleases;
			sourceTree = "<group>";
		};
		621860FB2B04980600A75DE0 /* Network */ = {
			isa = PBXGroup;
			children = (
				621861052B04998F00A75DE0 /* APIs.swift */,
				6218610E2B04A10900A75DE0 /* APIClient.swift */,
				621861102B04AA0D00A75DE0 /* APILoggingPlugin.swift */,
				621861072B049B0700A75DE0 /* Models */,
			);
			path = Network;
			sourceTree = "<group>";
		};
		621861072B049B0700A75DE0 /* Models */ = {
			isa = PBXGroup;
			children = (
				621861092B049B4300A75DE0 /* TokenDataModel.swift */,
				629D15BA2B05A64800138089 /* AlbumDataModel.swift */,
			);
			path = Models;
			sourceTree = "<group>";
		};
		629D15B62B05A2A200138089 /* Data */ = {
			isa = PBXGroup;
			children = (
				629D15B72B05A2A900138089 /* LocalStorage */,
				621860FB2B04980600A75DE0 /* Network */,
			);
			path = Data;
			sourceTree = "<group>";
		};
		629D15B72B05A2A900138089 /* LocalStorage */ = {
			isa = PBXGroup;
			children = (
				629D15B82B05A2B700138089 /* LocalStorage.swift */,
			);
			path = LocalStorage;
			sourceTree = "<group>";
		};
		629D15BC2B05AFE400138089 /* UI */ = {
			isa = PBXGroup;
			children = (
				621860DF2B04937D00A75DE0 /* RootView.swift */,
				621860EF2B04952200A75DE0 /* Models */,
				621860F02B04952600A75DE0 /* ViewModels */,
				621860EB2B0493F100A75DE0 /* Views */,
				629D15BD2B05B02400138089 /* Navigation */,
			);
			path = UI;
			sourceTree = "<group>";
		};
		629D15BD2B05B02400138089 /* Navigation */ = {
			isa = PBXGroup;
			children = (
				629D15BE2B05B03500138089 /* Navigation.swift */,
			);
			path = Navigation;
			sourceTree = "<group>";
		};
		629D15C02B05B32E00138089 /* AlbumDetail */ = {
			isa = PBXGroup;
			children = (
				629D15C12B05B33700138089 /* AlbumDetailModel.swift */,
			);
			path = AlbumDetail;
			sourceTree = "<group>";
		};
		629D15C32B05B3A400138089 /* AlbumDetail */ = {
			isa = PBXGroup;
			children = (
				629D15C62B05B3B900138089 /* AlbumDetailView.swift */,
				629D15CB2B05D3AF00138089 /* AlbumTrackItemView.swift */,
			);
			path = AlbumDetail;
			sourceTree = "<group>";
		};
		629D15C82B05B3ED00138089 /* AlbumDetail */ = {
			isa = PBXGroup;
			children = (
				629D15C92B05B3F600138089 /* AlbumDetailViewModel.swift */,
			);
			path = AlbumDetail;
			sourceTree = "<group>";
		};
		62ADA7832B0B1B2C00440407 /* Frameworks */ = {
			isa = PBXGroup;
			children = (
				62ADA79D2B0B1CD200440407 /* libViewModifiers.a */,
				62ADA7842B0B1B2C00440407 /* libExtensions.a */,
			);
			name = Frameworks;
			sourceTree = "<group>";
		};
/* End PBXGroup section */

/* Begin PBXNativeTarget section */
		621860D92B04937D00A75DE0 /* SwiftUI-MVVM */ = {
			isa = PBXNativeTarget;
			buildConfigurationList = 621860E82B04937D00A75DE0 /* Build configuration list for PBXNativeTarget "SwiftUI-MVVM" */;
			buildPhases = (
				621860D62B04937D00A75DE0 /* Sources */,
				621860D72B04937D00A75DE0 /* Frameworks */,
				621860D82B04937D00A75DE0 /* Resources */,
			);
			buildRules = (
			);
			dependencies = (
			);
			name = "SwiftUI-MVVM";
			packageProductDependencies = (
				621860FD2B04996300A75DE0 /* CombineMoya */,
				621860FF2B04996300A75DE0 /* Moya */,
				621861012B04996300A75DE0 /* ReactiveMoya */,
				621861032B04996300A75DE0 /* RxMoya */,
			);
			productName = "SwiftUI-MVVM";
			productReference = 621860DA2B04937D00A75DE0 /* SwiftUI-MVVM.app */;
			productType = "com.apple.product-type.application";
		};
/* End PBXNativeTarget section */

/* Begin PBXProject section */
		621860D22B04937D00A75DE0 /* Project object */ = {
			isa = PBXProject;
			attributes = {
				BuildIndependentTargetsInParallel = 1;
				LastSwiftUpdateCheck = 1500;
				LastUpgradeCheck = 1500;
				TargetAttributes = {
					621860D92B04937D00A75DE0 = {
						CreatedOnToolsVersion = 15.0;
					};
				};
			};
			buildConfigurationList = 621860D52B04937D00A75DE0 /* Build configuration list for PBXProject "SwiftUI-MVVM" */;
			compatibilityVersion = "Xcode 14.0";
			developmentRegion = en;
			hasScannedForEncodings = 0;
			knownRegions = (
				en,
				Base,
			);
			mainGroup = 621860D12B04937D00A75DE0;
			packageReferences = (
				621860FC2B04996300A75DE0 /* XCRemoteSwiftPackageReference "Moya" */,
			);
			productRefGroup = 621860DB2B04937D00A75DE0 /* Products */;
			projectDirPath = "";
			projectRoot = "";
			targets = (
				621860D92B04937D00A75DE0 /* SwiftUI-MVVM */,
			);
		};
/* End PBXProject section */

/* Begin PBXResourcesBuildPhase section */
		621860D82B04937D00A75DE0 /* Resources */ = {
			isa = PBXResourcesBuildPhase;
			buildActionMask = 2147483647;
			files = (
				621860E52B04937D00A75DE0 /* Preview Assets.xcassets in Resources */,
				621860E22B04937D00A75DE0 /* Assets.xcassets in Resources */,
			);
			runOnlyForDeploymentPostprocessing = 0;
		};
/* End PBXResourcesBuildPhase section */

/* Begin PBXSourcesBuildPhase section */
		621860D62B04937D00A75DE0 /* Sources */ = {
			isa = PBXSourcesBuildPhase;
			buildActionMask = 2147483647;
			files = (
				621860F32B04954800A75DE0 /* NewReleaseModel.swift in Sources */,
				621861062B04998F00A75DE0 /* APIs.swift in Sources */,
				6218610F2B04A10900A75DE0 /* APIClient.swift in Sources */,
				621861112B04AA0D00A75DE0 /* APILoggingPlugin.swift in Sources */,
				629D15C22B05B33700138089 /* AlbumDetailModel.swift in Sources */,
				629D15B92B05A2B700138089 /* LocalStorage.swift in Sources */,
				629D15CC2B05D3AF00138089 /* AlbumTrackItemView.swift in Sources */,
				621860E02B04937D00A75DE0 /* RootView.swift in Sources */,
				6218610A2B049B4300A75DE0 /* TokenDataModel.swift in Sources */,
				621861152B04AE9D00A75DE0 /* AppDelegate.swift in Sources */,
				621860DE2B04937D00A75DE0 /* MVVMApp.swift in Sources */,
				629D15BF2B05B03500138089 /* Navigation.swift in Sources */,
				629D15C72B05B3B900138089 /* AlbumDetailView.swift in Sources */,
				621860FA2B04962B00A75DE0 /* NewReleasesViewModel.swift in Sources */,
				621860EE2B04945700A75DE0 /* NewReleasesView.swift in Sources */,
				621860F72B0495C100A75DE0 /* NewReleaseView.swift in Sources */,
				629D15CA2B05B3F600138089 /* AlbumDetailViewModel.swift in Sources */,
				629D15BB2B05A64800138089 /* AlbumDataModel.swift in Sources */,
			);
			runOnlyForDeploymentPostprocessing = 0;
		};
/* End PBXSourcesBuildPhase section */

/* Begin XCBuildConfiguration section */
		621860E62B04937D00A75DE0 /* Debug */ = {
			isa = XCBuildConfiguration;
			buildSettings = {
				ALWAYS_SEARCH_USER_PATHS = NO;
				ASSETCATALOG_COMPILER_GENERATE_SWIFT_ASSET_SYMBOL_EXTENSIONS = YES;
				CLANG_ANALYZER_NONNULL = YES;
				CLANG_ANALYZER_NUMBER_OBJECT_CONVERSION = YES_AGGRESSIVE;
				CLANG_CXX_LANGUAGE_STANDARD = "gnu++20";
				CLANG_ENABLE_MODULES = YES;
				CLANG_ENABLE_OBJC_ARC = YES;
				CLANG_ENABLE_OBJC_WEAK = YES;
				CLANG_WARN_BLOCK_CAPTURE_AUTORELEASING = YES;
				CLANG_WARN_BOOL_CONVERSION = YES;
				CLANG_WARN_COMMA = YES;
				CLANG_WARN_CONSTANT_CONVERSION = YES;
				CLANG_WARN_DEPRECATED_OBJC_IMPLEMENTATIONS = YES;
				CLANG_WARN_DIRECT_OBJC_ISA_USAGE = YES_ERROR;
				CLANG_WARN_DOCUMENTATION_COMMENTS = YES;
				CLANG_WARN_EMPTY_BODY = YES;
				CLANG_WARN_ENUM_CONVERSION = YES;
				CLANG_WARN_INFINITE_RECURSION = YES;
				CLANG_WARN_INT_CONVERSION = YES;
				CLANG_WARN_NON_LITERAL_NULL_CONVERSION = YES;
				CLANG_WARN_OBJC_IMPLICIT_RETAIN_SELF = YES;
				CLANG_WARN_OBJC_LITERAL_CONVERSION = YES;
				CLANG_WARN_OBJC_ROOT_CLASS = YES_ERROR;
				CLANG_WARN_QUOTED_INCLUDE_IN_FRAMEWORK_HEADER = YES;
				CLANG_WARN_RANGE_LOOP_ANALYSIS = YES;
				CLANG_WARN_STRICT_PROTOTYPES = YES;
				CLANG_WARN_SUSPICIOUS_MOVE = YES;
				CLANG_WARN_UNGUARDED_AVAILABILITY = YES_AGGRESSIVE;
				CLANG_WARN_UNREACHABLE_CODE = YES;
				CLANG_WARN__DUPLICATE_METHOD_MATCH = YES;
				COPY_PHASE_STRIP = NO;
				DEBUG_INFORMATION_FORMAT = dwarf;
				ENABLE_STRICT_OBJC_MSGSEND = YES;
				ENABLE_TESTABILITY = YES;
				ENABLE_USER_SCRIPT_SANDBOXING = YES;
				GCC_C_LANGUAGE_STANDARD = gnu17;
				GCC_DYNAMIC_NO_PIC = NO;
				GCC_NO_COMMON_BLOCKS = YES;
				GCC_OPTIMIZATION_LEVEL = 0;
				GCC_PREPROCESSOR_DEFINITIONS = (
					"DEBUG=1",
					"$(inherited)",
				);
				GCC_WARN_64_TO_32_BIT_CONVERSION = YES;
				GCC_WARN_ABOUT_RETURN_TYPE = YES_ERROR;
				GCC_WARN_UNDECLARED_SELECTOR = YES;
				GCC_WARN_UNINITIALIZED_AUTOS = YES_AGGRESSIVE;
				GCC_WARN_UNUSED_FUNCTION = YES;
				GCC_WARN_UNUSED_VARIABLE = YES;
				IPHONEOS_DEPLOYMENT_TARGET = 17.0;
				LOCALIZATION_PREFERS_STRING_CATALOGS = YES;
				MTL_ENABLE_DEBUG_INFO = INCLUDE_SOURCE;
				MTL_FAST_MATH = YES;
				ONLY_ACTIVE_ARCH = YES;
				SDKROOT = iphoneos;
				SWIFT_ACTIVE_COMPILATION_CONDITIONS = "DEBUG $(inherited)";
				SWIFT_OPTIMIZATION_LEVEL = "-Onone";
			};
			name = Debug;
		};
		621860E72B04937D00A75DE0 /* Release */ = {
			isa = XCBuildConfiguration;
			buildSettings = {
				ALWAYS_SEARCH_USER_PATHS = NO;
				ASSETCATALOG_COMPILER_GENERATE_SWIFT_ASSET_SYMBOL_EXTENSIONS = YES;
				CLANG_ANALYZER_NONNULL = YES;
				CLANG_ANALYZER_NUMBER_OBJECT_CONVERSION = YES_AGGRESSIVE;
				CLANG_CXX_LANGUAGE_STANDARD = "gnu++20";
				CLANG_ENABLE_MODULES = YES;
				CLANG_ENABLE_OBJC_ARC = YES;
				CLANG_ENABLE_OBJC_WEAK = YES;
				CLANG_WARN_BLOCK_CAPTURE_AUTORELEASING = YES;
				CLANG_WARN_BOOL_CONVERSION = YES;
				CLANG_WARN_COMMA = YES;
				CLANG_WARN_CONSTANT_CONVERSION = YES;
				CLANG_WARN_DEPRECATED_OBJC_IMPLEMENTATIONS = YES;
				CLANG_WARN_DIRECT_OBJC_ISA_USAGE = YES_ERROR;
				CLANG_WARN_DOCUMENTATION_COMMENTS = YES;
				CLANG_WARN_EMPTY_BODY = YES;
				CLANG_WARN_ENUM_CONVERSION = YES;
				CLANG_WARN_INFINITE_RECURSION = YES;
				CLANG_WARN_INT_CONVERSION = YES;
				CLANG_WARN_NON_LITERAL_NULL_CONVERSION = YES;
				CLANG_WARN_OBJC_IMPLICIT_RETAIN_SELF = YES;
				CLANG_WARN_OBJC_LITERAL_CONVERSION = YES;
				CLANG_WARN_OBJC_ROOT_CLASS = YES_ERROR;
				CLANG_WARN_QUOTED_INCLUDE_IN_FRAMEWORK_HEADER = YES;
				CLANG_WARN_RANGE_LOOP_ANALYSIS = YES;
				CLANG_WARN_STRICT_PROTOTYPES = YES;
				CLANG_WARN_SUSPICIOUS_MOVE = YES;
				CLANG_WARN_UNGUARDED_AVAILABILITY = YES_AGGRESSIVE;
				CLANG_WARN_UNREACHABLE_CODE = YES;
				CLANG_WARN__DUPLICATE_METHOD_MATCH = YES;
				COPY_PHASE_STRIP = NO;
				DEBUG_INFORMATION_FORMAT = "dwarf-with-dsym";
				ENABLE_NS_ASSERTIONS = NO;
				ENABLE_STRICT_OBJC_MSGSEND = YES;
				ENABLE_USER_SCRIPT_SANDBOXING = YES;
				GCC_C_LANGUAGE_STANDARD = gnu17;
				GCC_NO_COMMON_BLOCKS = YES;
				GCC_WARN_64_TO_32_BIT_CONVERSION = YES;
				GCC_WARN_ABOUT_RETURN_TYPE = YES_ERROR;
				GCC_WARN_UNDECLARED_SELECTOR = YES;
				GCC_WARN_UNINITIALIZED_AUTOS = YES_AGGRESSIVE;
				GCC_WARN_UNUSED_FUNCTION = YES;
				GCC_WARN_UNUSED_VARIABLE = YES;
				IPHONEOS_DEPLOYMENT_TARGET = 17.0;
				LOCALIZATION_PREFERS_STRING_CATALOGS = YES;
				MTL_ENABLE_DEBUG_INFO = NO;
				MTL_FAST_MATH = YES;
				SDKROOT = iphoneos;
				SWIFT_COMPILATION_MODE = wholemodule;
				VALIDATE_PRODUCT = YES;
			};
			name = Release;
		};
		621860E92B04937D00A75DE0 /* Debug */ = {
			isa = XCBuildConfiguration;
			buildSettings = {
				ASSETCATALOG_COMPILER_APPICON_NAME = AppIcon;
				ASSETCATALOG_COMPILER_GLOBAL_ACCENT_COLOR_NAME = AccentColor;
				CODE_SIGN_STYLE = Automatic;
				CURRENT_PROJECT_VERSION = 1;
				DEVELOPMENT_ASSET_PATHS = "\"SwiftUI-MVVM/Preview Content\"";
				ENABLE_PREVIEWS = YES;
				GENERATE_INFOPLIST_FILE = YES;
				INFOPLIST_KEY_UIApplicationSceneManifest_Generation = YES;
				INFOPLIST_KEY_UIApplicationSupportsIndirectInputEvents = YES;
				INFOPLIST_KEY_UILaunchScreen_Generation = YES;
				INFOPLIST_KEY_UISupportedInterfaceOrientations_iPad = "UIInterfaceOrientationPortrait UIInterfaceOrientationPortraitUpsideDown UIInterfaceOrientationLandscapeLeft UIInterfaceOrientationLandscapeRight";
				INFOPLIST_KEY_UISupportedInterfaceOrientations_iPhone = "UIInterfaceOrientationPortrait UIInterfaceOrientationLandscapeLeft UIInterfaceOrientationLandscapeRight";
				INFOPLIST_KEY_UIUserInterfaceStyle = Light;
				LD_RUNPATH_SEARCH_PATHS = (
					"$(inherited)",
					"@executable_path/Frameworks",
				);
				MARKETING_VERSION = 1.0;
				PRODUCT_BUNDLE_IDENTIFIER = "io.gyeolee.SwiftUI-MVVM";
				PRODUCT_NAME = "$(TARGET_NAME)";
				SWIFT_EMIT_LOC_STRINGS = YES;
				SWIFT_VERSION = 5.0;
				TARGETED_DEVICE_FAMILY = "1,2";
			};
			name = Debug;
		};
		621860EA2B04937D00A75DE0 /* Release */ = {
			isa = XCBuildConfiguration;
			buildSettings = {
				ASSETCATALOG_COMPILER_APPICON_NAME = AppIcon;
				ASSETCATALOG_COMPILER_GLOBAL_ACCENT_COLOR_NAME = AccentColor;
				CODE_SIGN_STYLE = Automatic;
				CURRENT_PROJECT_VERSION = 1;
				DEVELOPMENT_ASSET_PATHS = "\"SwiftUI-MVVM/Preview Content\"";
				ENABLE_PREVIEWS = YES;
				GENERATE_INFOPLIST_FILE = YES;
				INFOPLIST_KEY_UIApplicationSceneManifest_Generation = YES;
				INFOPLIST_KEY_UIApplicationSupportsIndirectInputEvents = YES;
				INFOPLIST_KEY_UILaunchScreen_Generation = YES;
				INFOPLIST_KEY_UISupportedInterfaceOrientations_iPad = "UIInterfaceOrientationPortrait UIInterfaceOrientationPortraitUpsideDown UIInterfaceOrientationLandscapeLeft UIInterfaceOrientationLandscapeRight";
				INFOPLIST_KEY_UISupportedInterfaceOrientations_iPhone = "UIInterfaceOrientationPortrait UIInterfaceOrientationLandscapeLeft UIInterfaceOrientationLandscapeRight";
				INFOPLIST_KEY_UIUserInterfaceStyle = Light;
				LD_RUNPATH_SEARCH_PATHS = (
					"$(inherited)",
					"@executable_path/Frameworks",
				);
				MARKETING_VERSION = 1.0;
				PRODUCT_BUNDLE_IDENTIFIER = "io.gyeolee.SwiftUI-MVVM";
				PRODUCT_NAME = "$(TARGET_NAME)";
				SWIFT_EMIT_LOC_STRINGS = YES;
				SWIFT_VERSION = 5.0;
				TARGETED_DEVICE_FAMILY = "1,2";
			};
			name = Release;
		};
/* End XCBuildConfiguration section */

/* Begin XCConfigurationList section */
		621860D52B04937D00A75DE0 /* Build configuration list for PBXProject "SwiftUI-MVVM" */ = {
			isa = XCConfigurationList;
			buildConfigurations = (
				621860E62B04937D00A75DE0 /* Debug */,
				621860E72B04937D00A75DE0 /* Release */,
			);
			defaultConfigurationIsVisible = 0;
			defaultConfigurationName = Release;
		};
		621860E82B04937D00A75DE0 /* Build configuration list for PBXNativeTarget "SwiftUI-MVVM" */ = {
			isa = XCConfigurationList;
			buildConfigurations = (
				621860E92B04937D00A75DE0 /* Debug */,
				621860EA2B04937D00A75DE0 /* Release */,
			);
			defaultConfigurationIsVisible = 0;
			defaultConfigurationName = Release;
		};
/* End XCConfigurationList section */

/* Begin XCRemoteSwiftPackageReference section */
		621860FC2B04996300A75DE0 /* XCRemoteSwiftPackageReference "Moya" */ = {
			isa = XCRemoteSwiftPackageReference;
			repositoryURL = "https://github.com/Moya/Moya.git";
			requirement = {
				kind = upToNextMajorVersion;
				minimumVersion = 15.0.3;
			};
		};
/* End XCRemoteSwiftPackageReference section */

/* Begin XCSwiftPackageProductDependency section */
		621860FD2B04996300A75DE0 /* CombineMoya */ = {
			isa = XCSwiftPackageProductDependency;
			package = 621860FC2B04996300A75DE0 /* XCRemoteSwiftPackageReference "Moya" */;
			productName = CombineMoya;
		};
		621860FF2B04996300A75DE0 /* Moya */ = {
			isa = XCSwiftPackageProductDependency;
			package = 621860FC2B04996300A75DE0 /* XCRemoteSwiftPackageReference "Moya" */;
			productName = Moya;
		};
		621861012B04996300A75DE0 /* ReactiveMoya */ = {
			isa = XCSwiftPackageProductDependency;
			package = 621860FC2B04996300A75DE0 /* XCRemoteSwiftPackageReference "Moya" */;
			productName = ReactiveMoya;
		};
		621861032B04996300A75DE0 /* RxMoya */ = {
			isa = XCSwiftPackageProductDependency;
			package = 621860FC2B04996300A75DE0 /* XCRemoteSwiftPackageReference "Moya" */;
			productName = RxMoya;
		};
/* End XCSwiftPackageProductDependency section */
	};
	rootObject = 621860D22B04937D00A75DE0 /* Project object */;
}
