// !$*UTF8*$!
{
	archiveVersion = 1;
	classes = {
	};
	objectVersion = 56;
	objects = {

/* Begin PBXBuildFile section */
		6225C8652AFDEF40005ED943 /* MVIApp.swift in Sources */ = {isa = PBXBuildFile; fileRef = 6225C8642AFDEF40005ED943 /* MVIApp.swift */; };
		6225C8672AFDEF40005ED943 /* RootView.swift in Sources */ = {isa = PBXBuildFile; fileRef = 6225C8662AFDEF40005ED943 /* RootView.swift */; };
		6225C8692AFDEF41005ED943 /* Assets.xcassets in Resources */ = {isa = PBXBuildFile; fileRef = 6225C8682AFDEF41005ED943 /* Assets.xcassets */; };
		6225C86C2AFDEF41005ED943 /* Preview Assets.xcassets in Resources */ = {isa = PBXBuildFile; fileRef = 6225C86B2AFDEF41005ED943 /* Preview Assets.xcassets */; };
		624420EF2B02FC340014BD51 /* DetailIntentProtocol.swift in Sources */ = {isa = PBXBuildFile; fileRef = 624420EE2B02FC340014BD51 /* DetailIntentProtocol.swift */; };
		624420F12B02FC3A0014BD51 /* DetailIntent.swift in Sources */ = {isa = PBXBuildFile; fileRef = 624420F02B02FC3A0014BD51 /* DetailIntent.swift */; };
		624420F32B02FC420014BD51 /* DetailModelProtocol.swift in Sources */ = {isa = PBXBuildFile; fileRef = 624420F22B02FC420014BD51 /* DetailModelProtocol.swift */; };
		624420F52B02FC470014BD51 /* DetailModel.swift in Sources */ = {isa = PBXBuildFile; fileRef = 624420F42B02FC470014BD51 /* DetailModel.swift */; };
		624420F72B030AB30014BD51 /* DetailItemView.swift in Sources */ = {isa = PBXBuildFile; fileRef = 624420F62B030AB30014BD51 /* DetailItemView.swift */; };
		629573912B01AE6A0005B0A9 /* MVIContainer.swift in Sources */ = {isa = PBXBuildFile; fileRef = 629573902B01AE6A0005B0A9 /* MVIContainer.swift */; };
		629573932B01AFBA0005B0A9 /* Navigation.swift in Sources */ = {isa = PBXBuildFile; fileRef = 629573922B01AFBA0005B0A9 /* Navigation.swift */; };
		6295739C2B01B3E90005B0A9 /* ListView.swift in Sources */ = {isa = PBXBuildFile; fileRef = 6295739B2B01B3E90005B0A9 /* ListView.swift */; };
		6295739E2B01B3F90005B0A9 /* DetailView.swift in Sources */ = {isa = PBXBuildFile; fileRef = 6295739D2B01B3F90005B0A9 /* DetailView.swift */; };
		629573A42B01BDA20005B0A9 /* APIAgent.swift in Sources */ = {isa = PBXBuildFile; fileRef = 629573A32B01BDA20005B0A9 /* APIAgent.swift */; };
		629573A72B01BDD60005B0A9 /* Alamofire in Frameworks */ = {isa = PBXBuildFile; productRef = 629573A62B01BDD60005B0A9 /* Alamofire */; };
		629573A92B01BDF50005B0A9 /* APIInterceptor.swift in Sources */ = {isa = PBXBuildFile; fileRef = 629573A82B01BDF50005B0A9 /* APIInterceptor.swift */; };
		629573AB2B01BE260005B0A9 /* APIMonitor.swift in Sources */ = {isa = PBXBuildFile; fileRef = 629573AA2B01BE260005B0A9 /* APIMonitor.swift */; };
		629573B12B01BEB40005B0A9 /* TokenClient.swift in Sources */ = {isa = PBXBuildFile; fileRef = 629573B02B01BEB40005B0A9 /* TokenClient.swift */; };
		629573B92B01BF3F0005B0A9 /* APIConfig.swift in Sources */ = {isa = PBXBuildFile; fileRef = 629573B82B01BF3F0005B0A9 /* APIConfig.swift */; };
		629573BB2B01BF650005B0A9 /* API.swift in Sources */ = {isa = PBXBuildFile; fileRef = 629573BA2B01BF650005B0A9 /* API.swift */; };
		629573BE2B01BFB30005B0A9 /* Codable+Extension.swift in Sources */ = {isa = PBXBuildFile; fileRef = 629573BD2B01BFB30005B0A9 /* Codable+Extension.swift */; };
		629573C12B01BFE10005B0A9 /* LocalStorage.swift in Sources */ = {isa = PBXBuildFile; fileRef = 629573C02B01BFE10005B0A9 /* LocalStorage.swift */; };
		629573C32B01BFFF0005B0A9 /* Data+Extension.swift in Sources */ = {isa = PBXBuildFile; fileRef = 629573C22B01BFFF0005B0A9 /* Data+Extension.swift */; };
		629573C52B01C1E50005B0A9 /* TokenDataModel.swift in Sources */ = {isa = PBXBuildFile; fileRef = 629573C42B01C1E50005B0A9 /* TokenDataModel.swift */; };
		629573C92B01C2460005B0A9 /* ErrorModel.swift in Sources */ = {isa = PBXBuildFile; fileRef = 629573C82B01C2460005B0A9 /* ErrorModel.swift */; };
		629573CB2B01DB640005B0A9 /* AppDelegate.swift in Sources */ = {isa = PBXBuildFile; fileRef = 629573CA2B01DB640005B0A9 /* AppDelegate.swift */; };
		629573CD2B01DEB60005B0A9 /* AlbumsClient.swift in Sources */ = {isa = PBXBuildFile; fileRef = 629573CC2B01DEB60005B0A9 /* AlbumsClient.swift */; };
		629573CF2B01DEFA0005B0A9 /* AlbumDataModel.swift in Sources */ = {isa = PBXBuildFile; fileRef = 629573CE2B01DEFA0005B0A9 /* AlbumDataModel.swift */; };
		629573D42B01E72C0005B0A9 /* ListIntentProtocol.swift in Sources */ = {isa = PBXBuildFile; fileRef = 629573D32B01E72C0005B0A9 /* ListIntentProtocol.swift */; };
		629573D62B01E7320005B0A9 /* ListIntent.swift in Sources */ = {isa = PBXBuildFile; fileRef = 629573D52B01E7320005B0A9 /* ListIntent.swift */; };
		629573D82B01E7390005B0A9 /* ListModelProtocol.swift in Sources */ = {isa = PBXBuildFile; fileRef = 629573D72B01E7390005B0A9 /* ListModelProtocol.swift */; };
		629573DA2B01E73E0005B0A9 /* ListModel.swift in Sources */ = {isa = PBXBuildFile; fileRef = 629573D92B01E73E0005B0A9 /* ListModel.swift */; };
		629573DE2B01E89F0005B0A9 /* ListItemView.swift in Sources */ = {isa = PBXBuildFile; fileRef = 629573DD2B01E89F0005B0A9 /* ListItemView.swift */; };
/* End PBXBuildFile section */

/* Begin PBXFileReference section */
		6225C8612AFDEF40005ED943 /* SwiftUI-MVI.app */ = {isa = PBXFileReference; explicitFileType = wrapper.application; includeInIndex = 0; path = "SwiftUI-MVI.app"; sourceTree = BUILT_PRODUCTS_DIR; };
		6225C8642AFDEF40005ED943 /* MVIApp.swift */ = {isa = PBXFileReference; lastKnownFileType = sourcecode.swift; path = MVIApp.swift; sourceTree = "<group>"; };
		6225C8662AFDEF40005ED943 /* RootView.swift */ = {isa = PBXFileReference; lastKnownFileType = sourcecode.swift; path = RootView.swift; sourceTree = "<group>"; };
		6225C8682AFDEF41005ED943 /* Assets.xcassets */ = {isa = PBXFileReference; lastKnownFileType = folder.assetcatalog; path = Assets.xcassets; sourceTree = "<group>"; };
		6225C86B2AFDEF41005ED943 /* Preview Assets.xcassets */ = {isa = PBXFileReference; lastKnownFileType = folder.assetcatalog; path = "Preview Assets.xcassets"; sourceTree = "<group>"; };
		624420EE2B02FC340014BD51 /* DetailIntentProtocol.swift */ = {isa = PBXFileReference; lastKnownFileType = sourcecode.swift; path = DetailIntentProtocol.swift; sourceTree = "<group>"; };
		624420F02B02FC3A0014BD51 /* DetailIntent.swift */ = {isa = PBXFileReference; lastKnownFileType = sourcecode.swift; path = DetailIntent.swift; sourceTree = "<group>"; };
		624420F22B02FC420014BD51 /* DetailModelProtocol.swift */ = {isa = PBXFileReference; lastKnownFileType = sourcecode.swift; path = DetailModelProtocol.swift; sourceTree = "<group>"; };
		624420F42B02FC470014BD51 /* DetailModel.swift */ = {isa = PBXFileReference; lastKnownFileType = sourcecode.swift; path = DetailModel.swift; sourceTree = "<group>"; };
		624420F62B030AB30014BD51 /* DetailItemView.swift */ = {isa = PBXFileReference; lastKnownFileType = sourcecode.swift; path = DetailItemView.swift; sourceTree = "<group>"; };
		629573902B01AE6A0005B0A9 /* MVIContainer.swift */ = {isa = PBXFileReference; lastKnownFileType = sourcecode.swift; path = MVIContainer.swift; sourceTree = "<group>"; };
		629573922B01AFBA0005B0A9 /* Navigation.swift */ = {isa = PBXFileReference; lastKnownFileType = sourcecode.swift; path = Navigation.swift; sourceTree = "<group>"; };
		6295739B2B01B3E90005B0A9 /* ListView.swift */ = {isa = PBXFileReference; lastKnownFileType = sourcecode.swift; path = ListView.swift; sourceTree = "<group>"; };
		6295739D2B01B3F90005B0A9 /* DetailView.swift */ = {isa = PBXFileReference; lastKnownFileType = sourcecode.swift; path = DetailView.swift; sourceTree = "<group>"; };
		629573A32B01BDA20005B0A9 /* APIAgent.swift */ = {isa = PBXFileReference; lastKnownFileType = sourcecode.swift; path = APIAgent.swift; sourceTree = "<group>"; };
		629573A82B01BDF50005B0A9 /* APIInterceptor.swift */ = {isa = PBXFileReference; lastKnownFileType = sourcecode.swift; path = APIInterceptor.swift; sourceTree = "<group>"; };
		629573AA2B01BE260005B0A9 /* APIMonitor.swift */ = {isa = PBXFileReference; lastKnownFileType = sourcecode.swift; path = APIMonitor.swift; sourceTree = "<group>"; };
		629573B02B01BEB40005B0A9 /* TokenClient.swift */ = {isa = PBXFileReference; lastKnownFileType = sourcecode.swift; path = TokenClient.swift; sourceTree = "<group>"; };
		629573B82B01BF3F0005B0A9 /* APIConfig.swift */ = {isa = PBXFileReference; lastKnownFileType = sourcecode.swift; path = APIConfig.swift; sourceTree = "<group>"; };
		629573BA2B01BF650005B0A9 /* API.swift */ = {isa = PBXFileReference; lastKnownFileType = sourcecode.swift; path = API.swift; sourceTree = "<group>"; };
		629573BD2B01BFB30005B0A9 /* Codable+Extension.swift */ = {isa = PBXFileReference; lastKnownFileType = sourcecode.swift; path = "Codable+Extension.swift"; sourceTree = "<group>"; };
		629573C02B01BFE10005B0A9 /* LocalStorage.swift */ = {isa = PBXFileReference; lastKnownFileType = sourcecode.swift; path = LocalStorage.swift; sourceTree = "<group>"; };
		629573C22B01BFFF0005B0A9 /* Data+Extension.swift */ = {isa = PBXFileReference; lastKnownFileType = sourcecode.swift; path = "Data+Extension.swift"; sourceTree = "<group>"; };
		629573C42B01C1E50005B0A9 /* TokenDataModel.swift */ = {isa = PBXFileReference; lastKnownFileType = sourcecode.swift; path = TokenDataModel.swift; sourceTree = "<group>"; };
		629573C82B01C2460005B0A9 /* ErrorModel.swift */ = {isa = PBXFileReference; lastKnownFileType = sourcecode.swift; path = ErrorModel.swift; sourceTree = "<group>"; };
		629573CA2B01DB640005B0A9 /* AppDelegate.swift */ = {isa = PBXFileReference; lastKnownFileType = sourcecode.swift; path = AppDelegate.swift; sourceTree = "<group>"; };
		629573CC2B01DEB60005B0A9 /* AlbumsClient.swift */ = {isa = PBXFileReference; lastKnownFileType = sourcecode.swift; path = AlbumsClient.swift; sourceTree = "<group>"; };
		629573CE2B01DEFA0005B0A9 /* AlbumDataModel.swift */ = {isa = PBXFileReference; lastKnownFileType = sourcecode.swift; path = AlbumDataModel.swift; sourceTree = "<group>"; };
		629573D32B01E72C0005B0A9 /* ListIntentProtocol.swift */ = {isa = PBXFileReference; lastKnownFileType = sourcecode.swift; path = ListIntentProtocol.swift; sourceTree = "<group>"; };
		629573D52B01E7320005B0A9 /* ListIntent.swift */ = {isa = PBXFileReference; lastKnownFileType = sourcecode.swift; path = ListIntent.swift; sourceTree = "<group>"; };
		629573D72B01E7390005B0A9 /* ListModelProtocol.swift */ = {isa = PBXFileReference; lastKnownFileType = sourcecode.swift; path = ListModelProtocol.swift; sourceTree = "<group>"; };
		629573D92B01E73E0005B0A9 /* ListModel.swift */ = {isa = PBXFileReference; lastKnownFileType = sourcecode.swift; path = ListModel.swift; sourceTree = "<group>"; };
		629573DD2B01E89F0005B0A9 /* ListItemView.swift */ = {isa = PBXFileReference; lastKnownFileType = sourcecode.swift; path = ListItemView.swift; sourceTree = "<group>"; };
/* End PBXFileReference section */

/* Begin PBXFrameworksBuildPhase section */
		6225C85E2AFDEF40005ED943 /* Frameworks */ = {
			isa = PBXFrameworksBuildPhase;
			buildActionMask = 2147483647;
			files = (
				629573A72B01BDD60005B0A9 /* Alamofire in Frameworks */,
			);
			runOnlyForDeploymentPostprocessing = 0;
		};
/* End PBXFrameworksBuildPhase section */

/* Begin PBXGroup section */
		6225C8582AFDEF40005ED943 = {
			isa = PBXGroup;
			children = (
				6225C8632AFDEF40005ED943 /* SwiftUI-MVI */,
				6225C8622AFDEF40005ED943 /* Products */,
			);
			sourceTree = "<group>";
		};
		6225C8622AFDEF40005ED943 /* Products */ = {
			isa = PBXGroup;
			children = (
				6225C8612AFDEF40005ED943 /* SwiftUI-MVI.app */,
			);
			name = Products;
			sourceTree = "<group>";
		};
		6225C8632AFDEF40005ED943 /* SwiftUI-MVI */ = {
			isa = PBXGroup;
			children = (
				629573BC2B01BF960005B0A9 /* Extensions */,
				6295739F2B01B7660005B0A9 /* Data */,
				629573942B01B15F0005B0A9 /* UI */,
				6225C8682AFDEF41005ED943 /* Assets.xcassets */,
				6225C86A2AFDEF41005ED943 /* Preview Content */,
			);
			path = "SwiftUI-MVI";
			sourceTree = "<group>";
		};
		6225C86A2AFDEF41005ED943 /* Preview Content */ = {
			isa = PBXGroup;
			children = (
				6225C86B2AFDEF41005ED943 /* Preview Assets.xcassets */,
			);
			path = "Preview Content";
			sourceTree = "<group>";
		};
		624420EB2B02FBF50014BD51 /* View */ = {
			isa = PBXGroup;
			children = (
				6295739D2B01B3F90005B0A9 /* DetailView.swift */,
				624420F62B030AB30014BD51 /* DetailItemView.swift */,
			);
			path = View;
			sourceTree = "<group>";
		};
		624420EC2B02FBF90014BD51 /* Intent */ = {
			isa = PBXGroup;
			children = (
				624420EE2B02FC340014BD51 /* DetailIntentProtocol.swift */,
				624420F02B02FC3A0014BD51 /* DetailIntent.swift */,
			);
			path = Intent;
			sourceTree = "<group>";
		};
		624420ED2B02FBFC0014BD51 /* Model */ = {
			isa = PBXGroup;
			children = (
				624420F22B02FC420014BD51 /* DetailModelProtocol.swift */,
				624420F42B02FC470014BD51 /* DetailModel.swift */,
			);
			path = Model;
			sourceTree = "<group>";
		};
		629573942B01B15F0005B0A9 /* UI */ = {
			isa = PBXGroup;
			children = (
				629573CA2B01DB640005B0A9 /* AppDelegate.swift */,
				6225C8642AFDEF40005ED943 /* MVIApp.swift */,
				629573902B01AE6A0005B0A9 /* MVIContainer.swift */,
				6225C8662AFDEF40005ED943 /* RootView.swift */,
				629573C62B01C2260005B0A9 /* Common */,
				629573962B01B2790005B0A9 /* Screens */,
				629573952B01B1740005B0A9 /* Navigation */,
			);
			path = UI;
			sourceTree = "<group>";
		};
		629573952B01B1740005B0A9 /* Navigation */ = {
			isa = PBXGroup;
			children = (
				629573922B01AFBA0005B0A9 /* Navigation.swift */,
			);
			path = Navigation;
			sourceTree = "<group>";
		};
		629573962B01B2790005B0A9 /* Screens */ = {
			isa = PBXGroup;
			children = (
				629573972B01B2820005B0A9 /* List */,
				629573982B01B2860005B0A9 /* Detail */,
			);
			path = Screens;
			sourceTree = "<group>";
		};
		629573972B01B2820005B0A9 /* List */ = {
			isa = PBXGroup;
			children = (
				629573D12B01E1A00005B0A9 /* Model */,
				629573D02B01E19D0005B0A9 /* Intent */,
				629573D22B01E1A50005B0A9 /* View */,
			);
			path = List;
			sourceTree = "<group>";
		};
		629573982B01B2860005B0A9 /* Detail */ = {
			isa = PBXGroup;
			children = (
				624420ED2B02FBFC0014BD51 /* Model */,
				624420EC2B02FBF90014BD51 /* Intent */,
				624420EB2B02FBF50014BD51 /* View */,
			);
			path = Detail;
			sourceTree = "<group>";
		};
		6295739F2B01B7660005B0A9 /* Data */ = {
			isa = PBXGroup;
			children = (
				629573BF2B01BFD70005B0A9 /* LocalStorage */,
				629573A22B01BD9B0005B0A9 /* Networking */,
			);
			path = Data;
			sourceTree = "<group>";
		};
		629573A22B01BD9B0005B0A9 /* Networking */ = {
			isa = PBXGroup;
			children = (
				629573BA2B01BF650005B0A9 /* API.swift */,
				629573B82B01BF3F0005B0A9 /* APIConfig.swift */,
				629573A32B01BDA20005B0A9 /* APIAgent.swift */,
				629573A82B01BDF50005B0A9 /* APIInterceptor.swift */,
				629573AA2B01BE260005B0A9 /* APIMonitor.swift */,
				629573AF2B01BEA60005B0A9 /* Clients */,
				629573AC2B01BE720005B0A9 /* Models */,
			);
			path = Networking;
			sourceTree = "<group>";
		};
		629573AC2B01BE720005B0A9 /* Models */ = {
			isa = PBXGroup;
			children = (
				629573C42B01C1E50005B0A9 /* TokenDataModel.swift */,
				629573CE2B01DEFA0005B0A9 /* AlbumDataModel.swift */,
			);
			path = Models;
			sourceTree = "<group>";
		};
		629573AF2B01BEA60005B0A9 /* Clients */ = {
			isa = PBXGroup;
			children = (
				629573B02B01BEB40005B0A9 /* TokenClient.swift */,
				629573CC2B01DEB60005B0A9 /* AlbumsClient.swift */,
			);
			path = Clients;
			sourceTree = "<group>";
		};
		629573BC2B01BF960005B0A9 /* Extensions */ = {
			isa = PBXGroup;
			children = (
				629573BD2B01BFB30005B0A9 /* Codable+Extension.swift */,
				629573C22B01BFFF0005B0A9 /* Data+Extension.swift */,
			);
			path = Extensions;
			sourceTree = "<group>";
		};
		629573BF2B01BFD70005B0A9 /* LocalStorage */ = {
			isa = PBXGroup;
			children = (
				629573C02B01BFE10005B0A9 /* LocalStorage.swift */,
			);
			path = LocalStorage;
			sourceTree = "<group>";
		};
		629573C62B01C2260005B0A9 /* Common */ = {
			isa = PBXGroup;
			children = (
				629573C72B01C22D0005B0A9 /* Models */,
			);
			path = Common;
			sourceTree = "<group>";
		};
		629573C72B01C22D0005B0A9 /* Models */ = {
			isa = PBXGroup;
			children = (
				629573C82B01C2460005B0A9 /* ErrorModel.swift */,
			);
			path = Models;
			sourceTree = "<group>";
		};
		629573D02B01E19D0005B0A9 /* Intent */ = {
			isa = PBXGroup;
			children = (
				629573D32B01E72C0005B0A9 /* ListIntentProtocol.swift */,
				629573D52B01E7320005B0A9 /* ListIntent.swift */,
			);
			path = Intent;
			sourceTree = "<group>";
		};
		629573D12B01E1A00005B0A9 /* Model */ = {
			isa = PBXGroup;
			children = (
				629573D72B01E7390005B0A9 /* ListModelProtocol.swift */,
				629573D92B01E73E0005B0A9 /* ListModel.swift */,
			);
			path = Model;
			sourceTree = "<group>";
		};
		629573D22B01E1A50005B0A9 /* View */ = {
			isa = PBXGroup;
			children = (
				6295739B2B01B3E90005B0A9 /* ListView.swift */,
				629573DD2B01E89F0005B0A9 /* ListItemView.swift */,
			);
			path = View;
			sourceTree = "<group>";
		};
/* End PBXGroup section */

/* Begin PBXNativeTarget section */
		6225C8602AFDEF40005ED943 /* SwiftUI-MVI */ = {
			isa = PBXNativeTarget;
			buildConfigurationList = 6225C86F2AFDEF41005ED943 /* Build configuration list for PBXNativeTarget "SwiftUI-MVI" */;
			buildPhases = (
				6225C85D2AFDEF40005ED943 /* Sources */,
				6225C85E2AFDEF40005ED943 /* Frameworks */,
				6225C85F2AFDEF40005ED943 /* Resources */,
			);
			buildRules = (
			);
			dependencies = (
			);
			name = "SwiftUI-MVI";
			packageProductDependencies = (
				629573A62B01BDD60005B0A9 /* Alamofire */,
			);
			productName = "SwiftUI-MVI";
			productReference = 6225C8612AFDEF40005ED943 /* SwiftUI-MVI.app */;
			productType = "com.apple.product-type.application";
		};
/* End PBXNativeTarget section */

/* Begin PBXProject section */
		6225C8592AFDEF40005ED943 /* Project object */ = {
			isa = PBXProject;
			attributes = {
				BuildIndependentTargetsInParallel = 1;
				LastSwiftUpdateCheck = 1500;
				LastUpgradeCheck = 1500;
				TargetAttributes = {
					6225C8602AFDEF40005ED943 = {
						CreatedOnToolsVersion = 15.0;
					};
				};
			};
			buildConfigurationList = 6225C85C2AFDEF40005ED943 /* Build configuration list for PBXProject "SwiftUI-MVI" */;
			compatibilityVersion = "Xcode 14.0";
			developmentRegion = en;
			hasScannedForEncodings = 0;
			knownRegions = (
				en,
				Base,
			);
			mainGroup = 6225C8582AFDEF40005ED943;
			packageReferences = (
				629573A52B01BDD60005B0A9 /* XCRemoteSwiftPackageReference "Alamofire" */,
			);
			productRefGroup = 6225C8622AFDEF40005ED943 /* Products */;
			projectDirPath = "";
			projectRoot = "";
			targets = (
				6225C8602AFDEF40005ED943 /* SwiftUI-MVI */,
			);
		};
/* End PBXProject section */

/* Begin PBXResourcesBuildPhase section */
		6225C85F2AFDEF40005ED943 /* Resources */ = {
			isa = PBXResourcesBuildPhase;
			buildActionMask = 2147483647;
			files = (
				6225C86C2AFDEF41005ED943 /* Preview Assets.xcassets in Resources */,
				6225C8692AFDEF41005ED943 /* Assets.xcassets in Resources */,
			);
			runOnlyForDeploymentPostprocessing = 0;
		};
/* End PBXResourcesBuildPhase section */

/* Begin PBXSourcesBuildPhase section */
		6225C85D2AFDEF40005ED943 /* Sources */ = {
			isa = PBXSourcesBuildPhase;
			buildActionMask = 2147483647;
			files = (
				629573A92B01BDF50005B0A9 /* APIInterceptor.swift in Sources */,
				6225C8672AFDEF40005ED943 /* RootView.swift in Sources */,
				6295739E2B01B3F90005B0A9 /* DetailView.swift in Sources */,
				629573BE2B01BFB30005B0A9 /* Codable+Extension.swift in Sources */,
				629573BB2B01BF650005B0A9 /* API.swift in Sources */,
				629573932B01AFBA0005B0A9 /* Navigation.swift in Sources */,
				629573C92B01C2460005B0A9 /* ErrorModel.swift in Sources */,
				629573D62B01E7320005B0A9 /* ListIntent.swift in Sources */,
				6295739C2B01B3E90005B0A9 /* ListView.swift in Sources */,
				629573C52B01C1E50005B0A9 /* TokenDataModel.swift in Sources */,
				629573B92B01BF3F0005B0A9 /* APIConfig.swift in Sources */,
				6225C8652AFDEF40005ED943 /* MVIApp.swift in Sources */,
				629573CF2B01DEFA0005B0A9 /* AlbumDataModel.swift in Sources */,
				629573AB2B01BE260005B0A9 /* APIMonitor.swift in Sources */,
				624420F72B030AB30014BD51 /* DetailItemView.swift in Sources */,
				624420EF2B02FC340014BD51 /* DetailIntentProtocol.swift in Sources */,
				629573D82B01E7390005B0A9 /* ListModelProtocol.swift in Sources */,
				629573DE2B01E89F0005B0A9 /* ListItemView.swift in Sources */,
				624420F12B02FC3A0014BD51 /* DetailIntent.swift in Sources */,
				629573DA2B01E73E0005B0A9 /* ListModel.swift in Sources */,
				629573CD2B01DEB60005B0A9 /* AlbumsClient.swift in Sources */,
				629573CB2B01DB640005B0A9 /* AppDelegate.swift in Sources */,
				624420F52B02FC470014BD51 /* DetailModel.swift in Sources */,
				629573C12B01BFE10005B0A9 /* LocalStorage.swift in Sources */,
				624420F32B02FC420014BD51 /* DetailModelProtocol.swift in Sources */,
				629573912B01AE6A0005B0A9 /* MVIContainer.swift in Sources */,
				629573A42B01BDA20005B0A9 /* APIAgent.swift in Sources */,
				629573D42B01E72C0005B0A9 /* ListIntentProtocol.swift in Sources */,
				629573B12B01BEB40005B0A9 /* TokenClient.swift in Sources */,
				629573C32B01BFFF0005B0A9 /* Data+Extension.swift in Sources */,
			);
			runOnlyForDeploymentPostprocessing = 0;
		};
/* End PBXSourcesBuildPhase section */

/* Begin XCBuildConfiguration section */
		6225C86D2AFDEF41005ED943 /* Debug */ = {
			isa = XCBuildConfiguration;
			buildSettings = {
				ALWAYS_SEARCH_USER_PATHS = NO;
				ASSETCATALOG_COMPILER_GENERATE_SWIFT_ASSET_SYMBOL_EXTENSIONS = YES;
				CLANG_ANALYZER_NONNULL = YES;
				CLANG_ANALYZER_NUMBER_OBJECT_CONVERSION = YES_AGGRESSIVE;
				CLANG_CXX_LANGUAGE_STANDARD = "gnu++20";
				CLANG_ENABLE_MODULES = YES;
				CLANG_ENABLE_OBJC_ARC = YES;
				CLANG_ENABLE_OBJC_WEAK = YES;
				CLANG_WARN_BLOCK_CAPTURE_AUTORELEASING = YES;
				CLANG_WARN_BOOL_CONVERSION = YES;
				CLANG_WARN_COMMA = YES;
				CLANG_WARN_CONSTANT_CONVERSION = YES;
				CLANG_WARN_DEPRECATED_OBJC_IMPLEMENTATIONS = YES;
				CLANG_WARN_DIRECT_OBJC_ISA_USAGE = YES_ERROR;
				CLANG_WARN_DOCUMENTATION_COMMENTS = YES;
				CLANG_WARN_EMPTY_BODY = YES;
				CLANG_WARN_ENUM_CONVERSION = YES;
				CLANG_WARN_INFINITE_RECURSION = YES;
				CLANG_WARN_INT_CONVERSION = YES;
				CLANG_WARN_NON_LITERAL_NULL_CONVERSION = YES;
				CLANG_WARN_OBJC_IMPLICIT_RETAIN_SELF = YES;
				CLANG_WARN_OBJC_LITERAL_CONVERSION = YES;
				CLANG_WARN_OBJC_ROOT_CLASS = YES_ERROR;
				CLANG_WARN_QUOTED_INCLUDE_IN_FRAMEWORK_HEADER = YES;
				CLANG_WARN_RANGE_LOOP_ANALYSIS = YES;
				CLANG_WARN_STRICT_PROTOTYPES = YES;
				CLANG_WARN_SUSPICIOUS_MOVE = YES;
				CLANG_WARN_UNGUARDED_AVAILABILITY = YES_AGGRESSIVE;
				CLANG_WARN_UNREACHABLE_CODE = YES;
				CLANG_WARN__DUPLICATE_METHOD_MATCH = YES;
				COPY_PHASE_STRIP = NO;
				DEBUG_INFORMATION_FORMAT = dwarf;
				ENABLE_STRICT_OBJC_MSGSEND = YES;
				ENABLE_TESTABILITY = YES;
				ENABLE_USER_SCRIPT_SANDBOXING = YES;
				GCC_C_LANGUAGE_STANDARD = gnu17;
				GCC_DYNAMIC_NO_PIC = NO;
				GCC_NO_COMMON_BLOCKS = YES;
				GCC_OPTIMIZATION_LEVEL = 0;
				GCC_PREPROCESSOR_DEFINITIONS = (
					"DEBUG=1",
					"$(inherited)",
				);
				GCC_WARN_64_TO_32_BIT_CONVERSION = YES;
				GCC_WARN_ABOUT_RETURN_TYPE = YES_ERROR;
				GCC_WARN_UNDECLARED_SELECTOR = YES;
				GCC_WARN_UNINITIALIZED_AUTOS = YES_AGGRESSIVE;
				GCC_WARN_UNUSED_FUNCTION = YES;
				GCC_WARN_UNUSED_VARIABLE = YES;
				IPHONEOS_DEPLOYMENT_TARGET = 17.0;
				LOCALIZATION_PREFERS_STRING_CATALOGS = YES;
				MTL_ENABLE_DEBUG_INFO = INCLUDE_SOURCE;
				MTL_FAST_MATH = YES;
				ONLY_ACTIVE_ARCH = YES;
				SDKROOT = iphoneos;
				SWIFT_ACTIVE_COMPILATION_CONDITIONS = "DEBUG $(inherited)";
				SWIFT_OPTIMIZATION_LEVEL = "-Onone";
			};
			name = Debug;
		};
		6225C86E2AFDEF41005ED943 /* Release */ = {
			isa = XCBuildConfiguration;
			buildSettings = {
				ALWAYS_SEARCH_USER_PATHS = NO;
				ASSETCATALOG_COMPILER_GENERATE_SWIFT_ASSET_SYMBOL_EXTENSIONS = YES;
				CLANG_ANALYZER_NONNULL = YES;
				CLANG_ANALYZER_NUMBER_OBJECT_CONVERSION = YES_AGGRESSIVE;
				CLANG_CXX_LANGUAGE_STANDARD = "gnu++20";
				CLANG_ENABLE_MODULES = YES;
				CLANG_ENABLE_OBJC_ARC = YES;
				CLANG_ENABLE_OBJC_WEAK = YES;
				CLANG_WARN_BLOCK_CAPTURE_AUTORELEASING = YES;
				CLANG_WARN_BOOL_CONVERSION = YES;
				CLANG_WARN_COMMA = YES;
				CLANG_WARN_CONSTANT_CONVERSION = YES;
				CLANG_WARN_DEPRECATED_OBJC_IMPLEMENTATIONS = YES;
				CLANG_WARN_DIRECT_OBJC_ISA_USAGE = YES_ERROR;
				CLANG_WARN_DOCUMENTATION_COMMENTS = YES;
				CLANG_WARN_EMPTY_BODY = YES;
				CLANG_WARN_ENUM_CONVERSION = YES;
				CLANG_WARN_INFINITE_RECURSION = YES;
				CLANG_WARN_INT_CONVERSION = YES;
				CLANG_WARN_NON_LITERAL_NULL_CONVERSION = YES;
				CLANG_WARN_OBJC_IMPLICIT_RETAIN_SELF = YES;
				CLANG_WARN_OBJC_LITERAL_CONVERSION = YES;
				CLANG_WARN_OBJC_ROOT_CLASS = YES_ERROR;
				CLANG_WARN_QUOTED_INCLUDE_IN_FRAMEWORK_HEADER = YES;
				CLANG_WARN_RANGE_LOOP_ANALYSIS = YES;
				CLANG_WARN_STRICT_PROTOTYPES = YES;
				CLANG_WARN_SUSPICIOUS_MOVE = YES;
				CLANG_WARN_UNGUARDED_AVAILABILITY = YES_AGGRESSIVE;
				CLANG_WARN_UNREACHABLE_CODE = YES;
				CLANG_WARN__DUPLICATE_METHOD_MATCH = YES;
				COPY_PHASE_STRIP = NO;
				DEBUG_INFORMATION_FORMAT = "dwarf-with-dsym";
				ENABLE_NS_ASSERTIONS = NO;
				ENABLE_STRICT_OBJC_MSGSEND = YES;
				ENABLE_USER_SCRIPT_SANDBOXING = YES;
				GCC_C_LANGUAGE_STANDARD = gnu17;
				GCC_NO_COMMON_BLOCKS = YES;
				GCC_WARN_64_TO_32_BIT_CONVERSION = YES;
				GCC_WARN_ABOUT_RETURN_TYPE = YES_ERROR;
				GCC_WARN_UNDECLARED_SELECTOR = YES;
				GCC_WARN_UNINITIALIZED_AUTOS = YES_AGGRESSIVE;
				GCC_WARN_UNUSED_FUNCTION = YES;
				GCC_WARN_UNUSED_VARIABLE = YES;
				IPHONEOS_DEPLOYMENT_TARGET = 17.0;
				LOCALIZATION_PREFERS_STRING_CATALOGS = YES;
				MTL_ENABLE_DEBUG_INFO = NO;
				MTL_FAST_MATH = YES;
				SDKROOT = iphoneos;
				SWIFT_COMPILATION_MODE = wholemodule;
				VALIDATE_PRODUCT = YES;
			};
			name = Release;
		};
		6225C8702AFDEF41005ED943 /* Debug */ = {
			isa = XCBuildConfiguration;
			buildSettings = {
				ASSETCATALOG_COMPILER_APPICON_NAME = AppIcon;
				ASSETCATALOG_COMPILER_GLOBAL_ACCENT_COLOR_NAME = AccentColor;
				CODE_SIGN_STYLE = Automatic;
				CURRENT_PROJECT_VERSION = 1;
				DEVELOPMENT_ASSET_PATHS = "\"SwiftUI-MVI/Preview Content\"";
				ENABLE_PREVIEWS = YES;
				GENERATE_INFOPLIST_FILE = YES;
				INFOPLIST_KEY_UIApplicationSceneManifest_Generation = YES;
				INFOPLIST_KEY_UIApplicationSupportsIndirectInputEvents = YES;
				INFOPLIST_KEY_UILaunchScreen_Generation = YES;
				INFOPLIST_KEY_UISupportedInterfaceOrientations_iPad = "UIInterfaceOrientationPortrait UIInterfaceOrientationPortraitUpsideDown UIInterfaceOrientationLandscapeLeft UIInterfaceOrientationLandscapeRight";
				INFOPLIST_KEY_UISupportedInterfaceOrientations_iPhone = "UIInterfaceOrientationPortrait UIInterfaceOrientationLandscapeLeft UIInterfaceOrientationLandscapeRight";
				LD_RUNPATH_SEARCH_PATHS = (
					"$(inherited)",
					"@executable_path/Frameworks",
				);
				MARKETING_VERSION = 1.0;
				PRODUCT_BUNDLE_IDENTIFIER = "io.gyeolee.SwiftUI-MVI";
				PRODUCT_NAME = "$(TARGET_NAME)";
				SWIFT_EMIT_LOC_STRINGS = YES;
				SWIFT_VERSION = 5.0;
				TARGETED_DEVICE_FAMILY = "1,2";
			};
			name = Debug;
		};
		6225C8712AFDEF41005ED943 /* Release */ = {
			isa = XCBuildConfiguration;
			buildSettings = {
				ASSETCATALOG_COMPILER_APPICON_NAME = AppIcon;
				ASSETCATALOG_COMPILER_GLOBAL_ACCENT_COLOR_NAME = AccentColor;
				CODE_SIGN_STYLE = Automatic;
				CURRENT_PROJECT_VERSION = 1;
				DEVELOPMENT_ASSET_PATHS = "\"SwiftUI-MVI/Preview Content\"";
				ENABLE_PREVIEWS = YES;
				GENERATE_INFOPLIST_FILE = YES;
				INFOPLIST_KEY_UIApplicationSceneManifest_Generation = YES;
				INFOPLIST_KEY_UIApplicationSupportsIndirectInputEvents = YES;
				INFOPLIST_KEY_UILaunchScreen_Generation = YES;
				INFOPLIST_KEY_UISupportedInterfaceOrientations_iPad = "UIInterfaceOrientationPortrait UIInterfaceOrientationPortraitUpsideDown UIInterfaceOrientationLandscapeLeft UIInterfaceOrientationLandscapeRight";
				INFOPLIST_KEY_UISupportedInterfaceOrientations_iPhone = "UIInterfaceOrientationPortrait UIInterfaceOrientationLandscapeLeft UIInterfaceOrientationLandscapeRight";
				LD_RUNPATH_SEARCH_PATHS = (
					"$(inherited)",
					"@executable_path/Frameworks",
				);
				MARKETING_VERSION = 1.0;
				PRODUCT_BUNDLE_IDENTIFIER = "io.gyeolee.SwiftUI-MVI";
				PRODUCT_NAME = "$(TARGET_NAME)";
				SWIFT_EMIT_LOC_STRINGS = YES;
				SWIFT_VERSION = 5.0;
				TARGETED_DEVICE_FAMILY = "1,2";
			};
			name = Release;
		};
/* End XCBuildConfiguration section */

/* Begin XCConfigurationList section */
		6225C85C2AFDEF40005ED943 /* Build configuration list for PBXProject "SwiftUI-MVI" */ = {
			isa = XCConfigurationList;
			buildConfigurations = (
				6225C86D2AFDEF41005ED943 /* Debug */,
				6225C86E2AFDEF41005ED943 /* Release */,
			);
			defaultConfigurationIsVisible = 0;
			defaultConfigurationName = Release;
		};
		6225C86F2AFDEF41005ED943 /* Build configuration list for PBXNativeTarget "SwiftUI-MVI" */ = {
			isa = XCConfigurationList;
			buildConfigurations = (
				6225C8702AFDEF41005ED943 /* Debug */,
				6225C8712AFDEF41005ED943 /* Release */,
			);
			defaultConfigurationIsVisible = 0;
			defaultConfigurationName = Release;
		};
/* End XCConfigurationList section */

/* Begin XCRemoteSwiftPackageReference section */
		629573A52B01BDD60005B0A9 /* XCRemoteSwiftPackageReference "Alamofire" */ = {
			isa = XCRemoteSwiftPackageReference;
			repositoryURL = "https://github.com/Alamofire/Alamofire";
			requirement = {
				kind = upToNextMajorVersion;
				minimumVersion = 5.8.1;
			};
		};
/* End XCRemoteSwiftPackageReference section */

/* Begin XCSwiftPackageProductDependency section */
		629573A62B01BDD60005B0A9 /* Alamofire */ = {
			isa = XCSwiftPackageProductDependency;
			package = 629573A52B01BDD60005B0A9 /* XCRemoteSwiftPackageReference "Alamofire" */;
			productName = Alamofire;
		};
/* End XCSwiftPackageProductDependency section */
	};
	rootObject = 6225C8592AFDEF40005ED943 /* Project object */;
}
